// !$*UTF8*$!
{
	archiveVersion = 1;
	classes = {
	};
	objectVersion = 55;
	objects = {

/* Begin PBXBuildFile section */
		1910415129CDCB210017AB68 /* TimeBarController.swift in Sources */ = {isa = PBXBuildFile; fileRef = 1910415029CDCB210017AB68 /* TimeBarController.swift */; };
		19AE81ED29DE680A00C96C7F /* alarm_sound.mp3 in Resources */ = {isa = PBXBuildFile; fileRef = 19AE81EC29DE680A00C96C7F /* alarm_sound.mp3 */; };
		5DFDABCB2732F7D42621C3A9 /* Pods_Pomodoro.framework in Frameworks */ = {isa = PBXBuildFile; fileRef = A084B47BB2D4822A6EAF650C /* Pods_Pomodoro.framework */; };
		7674B39A29A8FC68006161DB /* AppDelegate.swift in Sources */ = {isa = PBXBuildFile; fileRef = 7674B39929A8FC68006161DB /* AppDelegate.swift */; };
		7674B39C29A8FC68006161DB /* SceneDelegate.swift in Sources */ = {isa = PBXBuildFile; fileRef = 7674B39B29A8FC68006161DB /* SceneDelegate.swift */; };
		7674B39E29A8FC68006161DB /* ViewController.swift in Sources */ = {isa = PBXBuildFile; fileRef = 7674B39D29A8FC68006161DB /* ViewController.swift */; };
		7674B3A129A8FC68006161DB /* Main.storyboard in Resources */ = {isa = PBXBuildFile; fileRef = 7674B39F29A8FC68006161DB /* Main.storyboard */; };
		7674B3A329A8FC6C006161DB /* Assets.xcassets in Resources */ = {isa = PBXBuildFile; fileRef = 7674B3A229A8FC6C006161DB /* Assets.xcassets */; };
		7674B3A629A8FC6C006161DB /* LaunchScreen.storyboard in Resources */ = {isa = PBXBuildFile; fileRef = 7674B3A429A8FC6C006161DB /* LaunchScreen.storyboard */; };
		7674B3AE29A902DD006161DB /* SettingsViewController.swift in Sources */ = {isa = PBXBuildFile; fileRef = 7674B3AD29A902DD006161DB /* SettingsViewController.swift */; };
		7674B3B129A903FA006161DB /* Constants.swift in Sources */ = {isa = PBXBuildFile; fileRef = 7674B3B029A903FA006161DB /* Constants.swift */; };
		FAA25F8F29CC953C0037A42A /* TasksModel.swift in Sources */ = {isa = PBXBuildFile; fileRef = FAA25F8E29CC953C0037A42A /* TasksModel.swift */; };
		FAA25F9529CC95920037A42A /* TasksTableViewCell.swift in Sources */ = {isa = PBXBuildFile; fileRef = FAA25F9429CC95920037A42A /* TasksTableViewCell.swift */; };
		FAA25F9829CC95E00037A42A /* TasksTableView.swift in Sources */ = {isa = PBXBuildFile; fileRef = FAA25F9729CC95E00037A42A /* TasksTableView.swift */; };
		FAA25F9C29CC982A0037A42A /* TasksViewController.swift in Sources */ = {isa = PBXBuildFile; fileRef = FAA25F9B29CC982A0037A42A /* TasksViewController.swift */; };
		FAA25FA029D191AC0037A42A /* TasksStorageModel.swift in Sources */ = {isa = PBXBuildFile; fileRef = FAA25F9F29D191AC0037A42A /* TasksStorageModel.swift */; };
		FAA25FA229D2C20C0037A42A /* TasksStorageService.swift in Sources */ = {isa = PBXBuildFile; fileRef = FAA25FA129D2C20C0037A42A /* TasksStorageService.swift */; };
		FAA25FA529D985E50037A42A /* PaddingLabel.swift in Sources */ = {isa = PBXBuildFile; fileRef = FAA25FA429D985E50037A42A /* PaddingLabel.swift */; };
		FAA25FAC29D9E27B0037A42A /* TasksViewModel.swift in Sources */ = {isa = PBXBuildFile; fileRef = FAA25FAB29D9E27B0037A42A /* TasksViewModel.swift */; };
/* End PBXBuildFile section */

/* Begin PBXFileReference section */
		028CF71F73F716CBAA6F8A8D /* Pods-Pomodoro.release.xcconfig */ = {isa = PBXFileReference; includeInIndex = 1; lastKnownFileType = text.xcconfig; name = "Pods-Pomodoro.release.xcconfig"; path = "Target Support Files/Pods-Pomodoro/Pods-Pomodoro.release.xcconfig"; sourceTree = "<group>"; };
		07710F49B7C46430B4145EE8 /* Pods-Pomodoro.debug.xcconfig */ = {isa = PBXFileReference; includeInIndex = 1; lastKnownFileType = text.xcconfig; name = "Pods-Pomodoro.debug.xcconfig"; path = "Target Support Files/Pods-Pomodoro/Pods-Pomodoro.debug.xcconfig"; sourceTree = "<group>"; };
		1910415029CDCB210017AB68 /* TimeBarController.swift */ = {isa = PBXFileReference; lastKnownFileType = sourcecode.swift; path = TimeBarController.swift; sourceTree = "<group>"; };
		19AE81EC29DE680A00C96C7F /* alarm_sound.mp3 */ = {isa = PBXFileReference; lastKnownFileType = audio.mp3; path = alarm_sound.mp3; sourceTree = "<group>"; };
		7674B39629A8FC68006161DB /* Pomodoro.app */ = {isa = PBXFileReference; explicitFileType = wrapper.application; includeInIndex = 0; path = Pomodoro.app; sourceTree = BUILT_PRODUCTS_DIR; };
		7674B39929A8FC68006161DB /* AppDelegate.swift */ = {isa = PBXFileReference; lastKnownFileType = sourcecode.swift; path = AppDelegate.swift; sourceTree = "<group>"; };
		7674B39B29A8FC68006161DB /* SceneDelegate.swift */ = {isa = PBXFileReference; lastKnownFileType = sourcecode.swift; path = SceneDelegate.swift; sourceTree = "<group>"; };
		7674B39D29A8FC68006161DB /* ViewController.swift */ = {isa = PBXFileReference; lastKnownFileType = sourcecode.swift; path = ViewController.swift; sourceTree = "<group>"; };
		7674B3A029A8FC68006161DB /* Base */ = {isa = PBXFileReference; lastKnownFileType = file.storyboard; name = Base; path = Base.lproj/Main.storyboard; sourceTree = "<group>"; };
		7674B3A229A8FC6C006161DB /* Assets.xcassets */ = {isa = PBXFileReference; lastKnownFileType = folder.assetcatalog; path = Assets.xcassets; sourceTree = "<group>"; };
		7674B3A529A8FC6C006161DB /* Base */ = {isa = PBXFileReference; lastKnownFileType = file.storyboard; name = Base; path = Base.lproj/LaunchScreen.storyboard; sourceTree = "<group>"; };
		7674B3A729A8FC6C006161DB /* Info.plist */ = {isa = PBXFileReference; lastKnownFileType = text.plist.xml; path = Info.plist; sourceTree = "<group>"; };
		7674B3AD29A902DD006161DB /* SettingsViewController.swift */ = {isa = PBXFileReference; lastKnownFileType = sourcecode.swift; path = SettingsViewController.swift; sourceTree = "<group>"; };
		7674B3B029A903FA006161DB /* Constants.swift */ = {isa = PBXFileReference; lastKnownFileType = sourcecode.swift; path = Constants.swift; sourceTree = "<group>"; };
		A084B47BB2D4822A6EAF650C /* Pods_Pomodoro.framework */ = {isa = PBXFileReference; explicitFileType = wrapper.framework; includeInIndex = 0; path = Pods_Pomodoro.framework; sourceTree = BUILT_PRODUCTS_DIR; };
		FAA25F8E29CC953C0037A42A /* TasksModel.swift */ = {isa = PBXFileReference; lastKnownFileType = sourcecode.swift; path = TasksModel.swift; sourceTree = "<group>"; };
		FAA25F9429CC95920037A42A /* TasksTableViewCell.swift */ = {isa = PBXFileReference; lastKnownFileType = sourcecode.swift; path = TasksTableViewCell.swift; sourceTree = "<group>"; };
		FAA25F9729CC95E00037A42A /* TasksTableView.swift */ = {isa = PBXFileReference; lastKnownFileType = sourcecode.swift; path = TasksTableView.swift; sourceTree = "<group>"; };
		FAA25F9B29CC982A0037A42A /* TasksViewController.swift */ = {isa = PBXFileReference; lastKnownFileType = sourcecode.swift; path = TasksViewController.swift; sourceTree = "<group>"; };
		FAA25F9F29D191AC0037A42A /* TasksStorageModel.swift */ = {isa = PBXFileReference; lastKnownFileType = sourcecode.swift; path = TasksStorageModel.swift; sourceTree = "<group>"; };
		FAA25FA129D2C20C0037A42A /* TasksStorageService.swift */ = {isa = PBXFileReference; lastKnownFileType = sourcecode.swift; path = TasksStorageService.swift; sourceTree = "<group>"; };
		FAA25FA429D985E50037A42A /* PaddingLabel.swift */ = {isa = PBXFileReference; lastKnownFileType = sourcecode.swift; path = PaddingLabel.swift; sourceTree = "<group>"; };
		FAA25FAB29D9E27B0037A42A /* TasksViewModel.swift */ = {isa = PBXFileReference; lastKnownFileType = sourcecode.swift; path = TasksViewModel.swift; sourceTree = "<group>"; };
/* End PBXFileReference section */

/* Begin PBXFrameworksBuildPhase section */
		7674B39329A8FC68006161DB /* Frameworks */ = {
			isa = PBXFrameworksBuildPhase;
			buildActionMask = 2147483647;
			files = (
				5DFDABCB2732F7D42621C3A9 /* Pods_Pomodoro.framework in Frameworks */,
			);
			runOnlyForDeploymentPostprocessing = 0;
		};
/* End PBXFrameworksBuildPhase section */

/* Begin PBXGroup section */
		1910414C29CDCAD70017AB68 /* TimeBarScreen */ = {
			isa = PBXGroup;
			children = (
				1910414F29CDCAFF0017AB68 /* ViewModel */,
				1910414E29CDCAF90017AB68 /* Model */,
				1910414D29CDCAF20017AB68 /* View */,
			);
			path = TimeBarScreen;
			sourceTree = "<group>";
		};
		1910414D29CDCAF20017AB68 /* View */ = {
			isa = PBXGroup;
			children = (
				1910415029CDCB210017AB68 /* TimeBarController.swift */,
			);
			path = View;
			sourceTree = "<group>";
		};
		1910414E29CDCAF90017AB68 /* Model */ = {
			isa = PBXGroup;
			children = (
			);
			path = Model;
			sourceTree = "<group>";
		};
		1910414F29CDCAFF0017AB68 /* ViewModel */ = {
			isa = PBXGroup;
			children = (
			);
			path = ViewModel;
			sourceTree = "<group>";
		};
		7674B38D29A8FC68006161DB = {
			isa = PBXGroup;
			children = (
				7674B39829A8FC68006161DB /* Pomodoro */,
				7674B39729A8FC68006161DB /* Products */,
				C17C7D6B7097B20579FB64D9 /* Pods */,
				87BBA70A2D49D37FE67B1458 /* Frameworks */,
			);
			sourceTree = "<group>";
		};
		7674B39729A8FC68006161DB /* Products */ = {
			isa = PBXGroup;
			children = (
				7674B39629A8FC68006161DB /* Pomodoro.app */,
			);
			name = Products;
			sourceTree = "<group>";
		};
		7674B39829A8FC68006161DB /* Pomodoro */ = {
			isa = PBXGroup;
			children = (
				1910414C29CDCAD70017AB68 /* TimeBarScreen */,
				7674B39929A8FC68006161DB /* AppDelegate.swift */,
				7674B39B29A8FC68006161DB /* SceneDelegate.swift */,
				7674B3B029A903FA006161DB /* Constants.swift */,
				FAA25FA329D2C21B0037A42A /* StorageService */,
				7674B3AF29A902EA006161DB /* Views */,
				FAA25F8C29CC944C0037A42A /* TasksScreen */,
				7674B39F29A8FC68006161DB /* Main.storyboard */,
				7674B3A229A8FC6C006161DB /* Assets.xcassets */,
				19AE81EC29DE680A00C96C7F /* alarm_sound.mp3 */,
				7674B3A429A8FC6C006161DB /* LaunchScreen.storyboard */,
				7674B3A729A8FC6C006161DB /* Info.plist */,
			);
			path = Pomodoro;
			sourceTree = "<group>";
		};
		7674B3AF29A902EA006161DB /* Views */ = {
			isa = PBXGroup;
			children = (
				7674B39D29A8FC68006161DB /* ViewController.swift */,
				7674B3AD29A902DD006161DB /* SettingsViewController.swift */,
			);
			path = Views;
			sourceTree = "<group>";
		};
		87BBA70A2D49D37FE67B1458 /* Frameworks */ = {
			isa = PBXGroup;
			children = (
				A084B47BB2D4822A6EAF650C /* Pods_Pomodoro.framework */,
			);
			name = Frameworks;
			sourceTree = "<group>";
		};
		C17C7D6B7097B20579FB64D9 /* Pods */ = {
			isa = PBXGroup;
			children = (
				07710F49B7C46430B4145EE8 /* Pods-Pomodoro.debug.xcconfig */,
				028CF71F73F716CBAA6F8A8D /* Pods-Pomodoro.release.xcconfig */,
			);
			path = Pods;
			sourceTree = "<group>";
		};
		FAA25F8C29CC944C0037A42A /* TasksScreen */ = {
			isa = PBXGroup;
			children = (
				FAA25F8D29CC94670037A42A /* View */,
				FAA25F9029CC953F0037A42A /* Model */,
				FAA25F9329CC95510037A42A /* ViewModel */,
			);
			path = TasksScreen;
			sourceTree = "<group>";
		};
		FAA25F8D29CC94670037A42A /* View */ = {
			isa = PBXGroup;
			children = (
				FAA25F9B29CC982A0037A42A /* TasksViewController.swift */,
				FAA25F9729CC95E00037A42A /* TasksTableView.swift */,
				FAA25FA429D985E50037A42A /* PaddingLabel.swift */,
				FAA25F9629CC95C40037A42A /* Cell */,
			);
			path = View;
			sourceTree = "<group>";
		};
		FAA25F9029CC953F0037A42A /* Model */ = {
			isa = PBXGroup;
			children = (
				FAA25F8E29CC953C0037A42A /* TasksModel.swift */,
			);
			path = Model;
			sourceTree = "<group>";
		};
		FAA25F9329CC95510037A42A /* ViewModel */ = {
			isa = PBXGroup;
			children = (
				FAA25FAB29D9E27B0037A42A /* TasksViewModel.swift */,
			);
			path = ViewModel;
			sourceTree = "<group>";
		};
		FAA25F9629CC95C40037A42A /* Cell */ = {
			isa = PBXGroup;
			children = (
				FAA25F9429CC95920037A42A /* TasksTableViewCell.swift */,
			);
			path = Cell;
			sourceTree = "<group>";
		};
		FAA25FA329D2C21B0037A42A /* StorageService */ = {
			isa = PBXGroup;
			children = (
				FAA25FA129D2C20C0037A42A /* TasksStorageService.swift */,
				FAA25F9F29D191AC0037A42A /* TasksStorageModel.swift */,
			);
			path = StorageService;
			sourceTree = "<group>";
		};
/* End PBXGroup section */

/* Begin PBXNativeTarget section */
		7674B39529A8FC68006161DB /* Pomodoro */ = {
			isa = PBXNativeTarget;
			buildConfigurationList = 7674B3AA29A8FC6C006161DB /* Build configuration list for PBXNativeTarget "Pomodoro" */;
			buildPhases = (
				F828A9F3E01B8EA009F47F97 /* [CP] Check Pods Manifest.lock */,
				7674B39229A8FC68006161DB /* Sources */,
				7674B39329A8FC68006161DB /* Frameworks */,
				7674B39429A8FC68006161DB /* Resources */,
				9F0F1FFDFE3CD4A3380B53D5 /* [CP] Embed Pods Frameworks */,
			);
			buildRules = (
			);
			dependencies = (
			);
			name = Pomodoro;
			productName = Pomodoro;
			productReference = 7674B39629A8FC68006161DB /* Pomodoro.app */;
			productType = "com.apple.product-type.application";
		};
/* End PBXNativeTarget section */

/* Begin PBXProject section */
		7674B38E29A8FC68006161DB /* Project object */ = {
			isa = PBXProject;
			attributes = {
				BuildIndependentTargetsInParallel = 1;
				LastSwiftUpdateCheck = 1420;
				LastUpgradeCheck = 1420;
				TargetAttributes = {
					7674B39529A8FC68006161DB = {
						CreatedOnToolsVersion = 14.2;
					};
				};
			};
			buildConfigurationList = 7674B39129A8FC68006161DB /* Build configuration list for PBXProject "Pomodoro" */;
			compatibilityVersion = "Xcode 13.0";
			developmentRegion = en;
			hasScannedForEncodings = 0;
			knownRegions = (
				en,
				Base,
			);
			mainGroup = 7674B38D29A8FC68006161DB;
			productRefGroup = 7674B39729A8FC68006161DB /* Products */;
			projectDirPath = "";
			projectRoot = "";
			targets = (
				7674B39529A8FC68006161DB /* Pomodoro */,
			);
		};
/* End PBXProject section */

/* Begin PBXResourcesBuildPhase section */
		7674B39429A8FC68006161DB /* Resources */ = {
			isa = PBXResourcesBuildPhase;
			buildActionMask = 2147483647;
			files = (
				7674B3A629A8FC6C006161DB /* LaunchScreen.storyboard in Resources */,
				7674B3A329A8FC6C006161DB /* Assets.xcassets in Resources */,
				19AE81ED29DE680A00C96C7F /* alarm_sound.mp3 in Resources */,
				7674B3A129A8FC68006161DB /* Main.storyboard in Resources */,
			);
			runOnlyForDeploymentPostprocessing = 0;
		};
/* End PBXResourcesBuildPhase section */

/* Begin PBXShellScriptBuildPhase section */
		9F0F1FFDFE3CD4A3380B53D5 /* [CP] Embed Pods Frameworks */ = {
			isa = PBXShellScriptBuildPhase;
			buildActionMask = 2147483647;
			files = (
			);
			inputFileListPaths = (
				"${PODS_ROOT}/Target Support Files/Pods-Pomodoro/Pods-Pomodoro-frameworks-${CONFIGURATION}-input-files.xcfilelist",
			);
			name = "[CP] Embed Pods Frameworks";
			outputFileListPaths = (
				"${PODS_ROOT}/Target Support Files/Pods-Pomodoro/Pods-Pomodoro-frameworks-${CONFIGURATION}-output-files.xcfilelist",
			);
			runOnlyForDeploymentPostprocessing = 0;
			shellPath = /bin/sh;
			shellScript = "\"${PODS_ROOT}/Target Support Files/Pods-Pomodoro/Pods-Pomodoro-frameworks.sh\"\n";
			showEnvVarsInLog = 0;
		};
		F828A9F3E01B8EA009F47F97 /* [CP] Check Pods Manifest.lock */ = {
			isa = PBXShellScriptBuildPhase;
			buildActionMask = 2147483647;
			files = (
			);
			inputFileListPaths = (
			);
			inputPaths = (
				"${PODS_PODFILE_DIR_PATH}/Podfile.lock",
				"${PODS_ROOT}/Manifest.lock",
			);
			name = "[CP] Check Pods Manifest.lock";
			outputFileListPaths = (
			);
			outputPaths = (
				"$(DERIVED_FILE_DIR)/Pods-Pomodoro-checkManifestLockResult.txt",
			);
			runOnlyForDeploymentPostprocessing = 0;
			shellPath = /bin/sh;
			shellScript = "diff \"${PODS_PODFILE_DIR_PATH}/Podfile.lock\" \"${PODS_ROOT}/Manifest.lock\" > /dev/null\nif [ $? != 0 ] ; then\n    # print error to STDERR\n    echo \"error: The sandbox is not in sync with the Podfile.lock. Run 'pod install' or update your CocoaPods installation.\" >&2\n    exit 1\nfi\n# This output is used by Xcode 'outputs' to avoid re-running this script phase.\necho \"SUCCESS\" > \"${SCRIPT_OUTPUT_FILE_0}\"\n";
			showEnvVarsInLog = 0;
		};
/* End PBXShellScriptBuildPhase section */

/* Begin PBXSourcesBuildPhase section */
		7674B39229A8FC68006161DB /* Sources */ = {
			isa = PBXSourcesBuildPhase;
			buildActionMask = 2147483647;
			files = (
				7674B3B129A903FA006161DB /* Constants.swift in Sources */,
				7674B39E29A8FC68006161DB /* ViewController.swift in Sources */,
				FAA25F9C29CC982A0037A42A /* TasksViewController.swift in Sources */,
				7674B39A29A8FC68006161DB /* AppDelegate.swift in Sources */,
				FAA25F9529CC95920037A42A /* TasksTableViewCell.swift in Sources */,
				7674B39C29A8FC68006161DB /* SceneDelegate.swift in Sources */,
				FAA25F8F29CC953C0037A42A /* TasksModel.swift in Sources */,
				FAA25FA229D2C20C0037A42A /* TasksStorageService.swift in Sources */,
				FAA25FA029D191AC0037A42A /* TasksStorageModel.swift in Sources */,
				FAA25FAC29D9E27B0037A42A /* TasksViewModel.swift in Sources */,
				FAA25F9829CC95E00037A42A /* TasksTableView.swift in Sources */,
				FAA25FA529D985E50037A42A /* PaddingLabel.swift in Sources */,
				7674B3AE29A902DD006161DB /* SettingsViewController.swift in Sources */,
				1910415129CDCB210017AB68 /* TimeBarController.swift in Sources */,
			);
			runOnlyForDeploymentPostprocessing = 0;
		};
/* End PBXSourcesBuildPhase section */

/* Begin PBXVariantGroup section */
		7674B39F29A8FC68006161DB /* Main.storyboard */ = {
			isa = PBXVariantGroup;
			children = (
				7674B3A029A8FC68006161DB /* Base */,
			);
			name = Main.storyboard;
			sourceTree = "<group>";
		};
		7674B3A429A8FC6C006161DB /* LaunchScreen.storyboard */ = {
			isa = PBXVariantGroup;
			children = (
				7674B3A529A8FC6C006161DB /* Base */,
			);
			name = LaunchScreen.storyboard;
			sourceTree = "<group>";
		};
/* End PBXVariantGroup section */

/* Begin XCBuildConfiguration section */
		7674B3A829A8FC6C006161DB /* Debug */ = {
			isa = XCBuildConfiguration;
			buildSettings = {
				ALWAYS_SEARCH_USER_PATHS = NO;
				CLANG_ANALYZER_NONNULL = YES;
				CLANG_ANALYZER_NUMBER_OBJECT_CONVERSION = YES_AGGRESSIVE;
				CLANG_CXX_LANGUAGE_STANDARD = "gnu++20";
				CLANG_ENABLE_MODULES = YES;
				CLANG_ENABLE_OBJC_ARC = YES;
				CLANG_ENABLE_OBJC_WEAK = YES;
				CLANG_WARN_BLOCK_CAPTURE_AUTORELEASING = YES;
				CLANG_WARN_BOOL_CONVERSION = YES;
				CLANG_WARN_COMMA = YES;
				CLANG_WARN_CONSTANT_CONVERSION = YES;
				CLANG_WARN_DEPRECATED_OBJC_IMPLEMENTATIONS = YES;
				CLANG_WARN_DIRECT_OBJC_ISA_USAGE = YES_ERROR;
				CLANG_WARN_DOCUMENTATION_COMMENTS = YES;
				CLANG_WARN_EMPTY_BODY = YES;
				CLANG_WARN_ENUM_CONVERSION = YES;
				CLANG_WARN_INFINITE_RECURSION = YES;
				CLANG_WARN_INT_CONVERSION = YES;
				CLANG_WARN_NON_LITERAL_NULL_CONVERSION = YES;
				CLANG_WARN_OBJC_IMPLICIT_RETAIN_SELF = YES;
				CLANG_WARN_OBJC_LITERAL_CONVERSION = YES;
				CLANG_WARN_OBJC_ROOT_CLASS = YES_ERROR;
				CLANG_WARN_QUOTED_INCLUDE_IN_FRAMEWORK_HEADER = YES;
				CLANG_WARN_RANGE_LOOP_ANALYSIS = YES;
				CLANG_WARN_STRICT_PROTOTYPES = YES;
				CLANG_WARN_SUSPICIOUS_MOVE = YES;
				CLANG_WARN_UNGUARDED_AVAILABILITY = YES_AGGRESSIVE;
				CLANG_WARN_UNREACHABLE_CODE = YES;
				CLANG_WARN__DUPLICATE_METHOD_MATCH = YES;
				COPY_PHASE_STRIP = NO;
				DEBUG_INFORMATION_FORMAT = dwarf;
				ENABLE_STRICT_OBJC_MSGSEND = YES;
				ENABLE_TESTABILITY = YES;
				GCC_C_LANGUAGE_STANDARD = gnu11;
				GCC_DYNAMIC_NO_PIC = NO;
				GCC_NO_COMMON_BLOCKS = YES;
				GCC_OPTIMIZATION_LEVEL = 0;
				GCC_PREPROCESSOR_DEFINITIONS = (
					"DEBUG=1",
					"$(inherited)",
				);
				GCC_WARN_64_TO_32_BIT_CONVERSION = YES;
				GCC_WARN_ABOUT_RETURN_TYPE = YES_ERROR;
				GCC_WARN_UNDECLARED_SELECTOR = YES;
				GCC_WARN_UNINITIALIZED_AUTOS = YES_AGGRESSIVE;
				GCC_WARN_UNUSED_FUNCTION = YES;
				GCC_WARN_UNUSED_VARIABLE = YES;
				IPHONEOS_DEPLOYMENT_TARGET = 16.2;
				MTL_ENABLE_DEBUG_INFO = INCLUDE_SOURCE;
				MTL_FAST_MATH = YES;
				ONLY_ACTIVE_ARCH = YES;
				SDKROOT = iphoneos;
				SWIFT_ACTIVE_COMPILATION_CONDITIONS = DEBUG;
				SWIFT_OPTIMIZATION_LEVEL = "-Onone";
			};
			name = Debug;
		};
		7674B3A929A8FC6C006161DB /* Release */ = {
			isa = XCBuildConfiguration;
			buildSettings = {
				ALWAYS_SEARCH_USER_PATHS = NO;
				CLANG_ANALYZER_NONNULL = YES;
				CLANG_ANALYZER_NUMBER_OBJECT_CONVERSION = YES_AGGRESSIVE;
				CLANG_CXX_LANGUAGE_STANDARD = "gnu++20";
				CLANG_ENABLE_MODULES = YES;
				CLANG_ENABLE_OBJC_ARC = YES;
				CLANG_ENABLE_OBJC_WEAK = YES;
				CLANG_WARN_BLOCK_CAPTURE_AUTORELEASING = YES;
				CLANG_WARN_BOOL_CONVERSION = YES;
				CLANG_WARN_COMMA = YES;
				CLANG_WARN_CONSTANT_CONVERSION = YES;
				CLANG_WARN_DEPRECATED_OBJC_IMPLEMENTATIONS = YES;
				CLANG_WARN_DIRECT_OBJC_ISA_USAGE = YES_ERROR;
				CLANG_WARN_DOCUMENTATION_COMMENTS = YES;
				CLANG_WARN_EMPTY_BODY = YES;
				CLANG_WARN_ENUM_CONVERSION = YES;
				CLANG_WARN_INFINITE_RECURSION = YES;
				CLANG_WARN_INT_CONVERSION = YES;
				CLANG_WARN_NON_LITERAL_NULL_CONVERSION = YES;
				CLANG_WARN_OBJC_IMPLICIT_RETAIN_SELF = YES;
				CLANG_WARN_OBJC_LITERAL_CONVERSION = YES;
				CLANG_WARN_OBJC_ROOT_CLASS = YES_ERROR;
				CLANG_WARN_QUOTED_INCLUDE_IN_FRAMEWORK_HEADER = YES;
				CLANG_WARN_RANGE_LOOP_ANALYSIS = YES;
				CLANG_WARN_STRICT_PROTOTYPES = YES;
				CLANG_WARN_SUSPICIOUS_MOVE = YES;
				CLANG_WARN_UNGUARDED_AVAILABILITY = YES_AGGRESSIVE;
				CLANG_WARN_UNREACHABLE_CODE = YES;
				CLANG_WARN__DUPLICATE_METHOD_MATCH = YES;
				COPY_PHASE_STRIP = NO;
				DEBUG_INFORMATION_FORMAT = "dwarf-with-dsym";
				ENABLE_NS_ASSERTIONS = NO;
				ENABLE_STRICT_OBJC_MSGSEND = YES;
				GCC_C_LANGUAGE_STANDARD = gnu11;
				GCC_NO_COMMON_BLOCKS = YES;
				GCC_WARN_64_TO_32_BIT_CONVERSION = YES;
				GCC_WARN_ABOUT_RETURN_TYPE = YES_ERROR;
				GCC_WARN_UNDECLARED_SELECTOR = YES;
				GCC_WARN_UNINITIALIZED_AUTOS = YES_AGGRESSIVE;
				GCC_WARN_UNUSED_FUNCTION = YES;
				GCC_WARN_UNUSED_VARIABLE = YES;
				IPHONEOS_DEPLOYMENT_TARGET = 16.2;
				MTL_ENABLE_DEBUG_INFO = NO;
				MTL_FAST_MATH = YES;
				SDKROOT = iphoneos;
				SWIFT_COMPILATION_MODE = wholemodule;
				SWIFT_OPTIMIZATION_LEVEL = "-O";
				VALIDATE_PRODUCT = YES;
			};
			name = Release;
		};
		7674B3AB29A8FC6C006161DB /* Debug */ = {
			isa = XCBuildConfiguration;
			baseConfigurationReference = 07710F49B7C46430B4145EE8 /* Pods-Pomodoro.debug.xcconfig */;
			buildSettings = {
				ASSETCATALOG_COMPILER_APPICON_NAME = AppIcon;
				ASSETCATALOG_COMPILER_GLOBAL_ACCENT_COLOR_NAME = AccentColor;
				CODE_SIGN_STYLE = Automatic;
				CURRENT_PROJECT_VERSION = 1;
				DEVELOPMENT_TEAM = JH7523T475;
				GENERATE_INFOPLIST_FILE = YES;
				INFOPLIST_FILE = Pomodoro/Info.plist;
				INFOPLIST_KEY_UIApplicationSupportsIndirectInputEvents = YES;
				INFOPLIST_KEY_UILaunchStoryboardName = LaunchScreen;
				INFOPLIST_KEY_UIMainStoryboardFile = Main;
				INFOPLIST_KEY_UISupportedInterfaceOrientations_iPad = "UIInterfaceOrientationPortrait UIInterfaceOrientationPortraitUpsideDown UIInterfaceOrientationLandscapeLeft UIInterfaceOrientationLandscapeRight";
				INFOPLIST_KEY_UISupportedInterfaceOrientations_iPhone = "UIInterfaceOrientationPortrait UIInterfaceOrientationLandscapeLeft UIInterfaceOrientationLandscapeRight";
				IPHONEOS_DEPLOYMENT_TARGET = 15.0;
				LD_RUNPATH_SEARCH_PATHS = (
					"$(inherited)",
					"@executable_path/Frameworks",
				);
				MARKETING_VERSION = 1.0;
				PRODUCT_BUNDLE_IDENTIFIER = com.daianakoishebayeva.Pomodoro;
				PRODUCT_NAME = "$(TARGET_NAME)";
				SWIFT_EMIT_LOC_STRINGS = YES;
				SWIFT_VERSION = 5.0;
				TARGETED_DEVICE_FAMILY = "1,2";
			};
			name = Debug;
		};
		7674B3AC29A8FC6C006161DB /* Release */ = {
			isa = XCBuildConfiguration;
			baseConfigurationReference = 028CF71F73F716CBAA6F8A8D /* Pods-Pomodoro.release.xcconfig */;
			buildSettings = {
				ASSETCATALOG_COMPILER_APPICON_NAME = AppIcon;
				ASSETCATALOG_COMPILER_GLOBAL_ACCENT_COLOR_NAME = AccentColor;
				CODE_SIGN_STYLE = Automatic;
				CURRENT_PROJECT_VERSION = 1;
				DEVELOPMENT_TEAM = JH7523T475;
				GENERATE_INFOPLIST_FILE = YES;
				INFOPLIST_FILE = Pomodoro/Info.plist;
				INFOPLIST_KEY_UIApplicationSupportsIndirectInputEvents = YES;
				INFOPLIST_KEY_UILaunchStoryboardName = LaunchScreen;
				INFOPLIST_KEY_UIMainStoryboardFile = Main;
				INFOPLIST_KEY_UISupportedInterfaceOrientations_iPad = "UIInterfaceOrientationPortrait UIInterfaceOrientationPortraitUpsideDown UIInterfaceOrientationLandscapeLeft UIInterfaceOrientationLandscapeRight";
				INFOPLIST_KEY_UISupportedInterfaceOrientations_iPhone = "UIInterfaceOrientationPortrait UIInterfaceOrientationLandscapeLeft UIInterfaceOrientationLandscapeRight";
				IPHONEOS_DEPLOYMENT_TARGET = 15.0;
				LD_RUNPATH_SEARCH_PATHS = (
					"$(inherited)",
					"@executable_path/Frameworks",
				);
				MARKETING_VERSION = 1.0;
				PRODUCT_BUNDLE_IDENTIFIER = com.daianakoishebayeva.Pomodoro;
				PRODUCT_NAME = "$(TARGET_NAME)";
				SWIFT_EMIT_LOC_STRINGS = YES;
				SWIFT_VERSION = 5.0;
				TARGETED_DEVICE_FAMILY = "1,2";
			};
			name = Release;
		};
/* End XCBuildConfiguration section */

/* Begin XCConfigurationList section */
		7674B39129A8FC68006161DB /* Build configuration list for PBXProject "Pomodoro" */ = {
			isa = XCConfigurationList;
			buildConfigurations = (
				7674B3A829A8FC6C006161DB /* Debug */,
				7674B3A929A8FC6C006161DB /* Release */,
			);
			defaultConfigurationIsVisible = 0;
			defaultConfigurationName = Release;
		};
		7674B3AA29A8FC6C006161DB /* Build configuration list for PBXNativeTarget "Pomodoro" */ = {
			isa = XCConfigurationList;
			buildConfigurations = (
				7674B3AB29A8FC6C006161DB /* Debug */,
				7674B3AC29A8FC6C006161DB /* Release */,
			);
			defaultConfigurationIsVisible = 0;
			defaultConfigurationName = Release;
		};
/* End XCConfigurationList section */
	};
	rootObject = 7674B38E29A8FC68006161DB /* Project object */;
}
